// !$*UTF8*$!
{
	archiveVersion = 1;
	classes = {
	};
	objectVersion = 50;
	objects = {

/* Begin PBXBuildFile section */
		34CB9C552414EFFD00171A89 /* AppDelegate.swift in Sources */ = {isa = PBXBuildFile; fileRef = 34CB9C542414EFFD00171A89 /* AppDelegate.swift */; };
		34CB9C572414EFFD00171A89 /* SceneDelegate.swift in Sources */ = {isa = PBXBuildFile; fileRef = 34CB9C562414EFFD00171A89 /* SceneDelegate.swift */; };
		34CB9C592414EFFD00171A89 /* ViewController.swift in Sources */ = {isa = PBXBuildFile; fileRef = 34CB9C582414EFFD00171A89 /* ViewController.swift */; };
		34CB9C5C2414EFFD00171A89 /* Main.storyboard in Resources */ = {isa = PBXBuildFile; fileRef = 34CB9C5A2414EFFD00171A89 /* Main.storyboard */; };
		34CB9C5E2414EFFF00171A89 /* Assets.xcassets in Resources */ = {isa = PBXBuildFile; fileRef = 34CB9C5D2414EFFF00171A89 /* Assets.xcassets */; };
		34CB9C612414EFFF00171A89 /* LaunchScreen.storyboard in Resources */ = {isa = PBXBuildFile; fileRef = 34CB9C5F2414EFFF00171A89 /* LaunchScreen.storyboard */; };
		34CB9C6C2414EFFF00171A89 /* BullseyeUiKitTests.swift in Sources */ = {isa = PBXBuildFile; fileRef = 34CB9C6B2414EFFF00171A89 /* BullseyeUiKitTests.swift */; };
		34CB9C772414EFFF00171A89 /* BullseyeUiKitUITests.swift in Sources */ = {isa = PBXBuildFile; fileRef = 34CB9C762414EFFF00171A89 /* BullseyeUiKitUITests.swift */; };
/* End PBXBuildFile section */

/* Begin PBXContainerItemProxy section */
		34CB9C682414EFFF00171A89 /* PBXContainerItemProxy */ = {
			isa = PBXContainerItemProxy;
			containerPortal = 34CB9C492414EFFC00171A89 /* Project object */;
			proxyType = 1;
			remoteGlobalIDString = 34CB9C502414EFFD00171A89;
			remoteInfo = BullseyeUiKit;
		};
		34CB9C732414EFFF00171A89 /* PBXContainerItemProxy */ = {
			isa = PBXContainerItemProxy;
			containerPortal = 34CB9C492414EFFC00171A89 /* Project object */;
			proxyType = 1;
			remoteGlobalIDString = 34CB9C502414EFFD00171A89;
			remoteInfo = BullseyeUiKit;
		};
/* End PBXContainerItemProxy section */

/* Begin PBXFileReference section */
		34CB9C512414EFFD00171A89 /* BullseyeUiKit.app */ = {isa = PBXFileReference; explicitFileType = wrapper.application; includeInIndex = 0; path = BullseyeUiKit.app; sourceTree = BUILT_PRODUCTS_DIR; };
		34CB9C542414EFFD00171A89 /* AppDelegate.swift */ = {isa = PBXFileReference; lastKnownFileType = sourcecode.swift; path = AppDelegate.swift; sourceTree = "<group>"; };
		34CB9C562414EFFD00171A89 /* SceneDelegate.swift */ = {isa = PBXFileReference; lastKnownFileType = sourcecode.swift; path = SceneDelegate.swift; sourceTree = "<group>"; };
		34CB9C582414EFFD00171A89 /* ViewController.swift */ = {isa = PBXFileReference; lastKnownFileType = sourcecode.swift; path = ViewController.swift; sourceTree = "<group>"; };
		34CB9C5B2414EFFD00171A89 /* Base */ = {isa = PBXFileReference; lastKnownFileType = file.storyboard; name = Base; path = Base.lproj/Main.storyboard; sourceTree = "<group>"; };
		34CB9C5D2414EFFF00171A89 /* Assets.xcassets */ = {isa = PBXFileReference; lastKnownFileType = folder.assetcatalog; path = Assets.xcassets; sourceTree = "<group>"; };
		34CB9C602414EFFF00171A89 /* Base */ = {isa = PBXFileReference; lastKnownFileType = file.storyboard; name = Base; path = Base.lproj/LaunchScreen.storyboard; sourceTree = "<group>"; };
		34CB9C622414EFFF00171A89 /* Info.plist */ = {isa = PBXFileReference; lastKnownFileType = text.plist.xml; path = Info.plist; sourceTree = "<group>"; };
		34CB9C672414EFFF00171A89 /* BullseyeUiKitTests.xctest */ = {isa = PBXFileReference; explicitFileType = wrapper.cfbundle; includeInIndex = 0; path = BullseyeUiKitTests.xctest; sourceTree = BUILT_PRODUCTS_DIR; };
		34CB9C6B2414EFFF00171A89 /* BullseyeUiKitTests.swift */ = {isa = PBXFileReference; lastKnownFileType = sourcecode.swift; path = BullseyeUiKitTests.swift; sourceTree = "<group>"; };
		34CB9C6D2414EFFF00171A89 /* Info.plist */ = {isa = PBXFileReference; lastKnownFileType = text.plist.xml; path = Info.plist; sourceTree = "<group>"; };
		34CB9C722414EFFF00171A89 /* BullseyeUiKitUITests.xctest */ = {isa = PBXFileReference; explicitFileType = wrapper.cfbundle; includeInIndex = 0; path = BullseyeUiKitUITests.xctest; sourceTree = BUILT_PRODUCTS_DIR; };
		34CB9C762414EFFF00171A89 /* BullseyeUiKitUITests.swift */ = {isa = PBXFileReference; lastKnownFileType = sourcecode.swift; path = BullseyeUiKitUITests.swift; sourceTree = "<group>"; };
		34CB9C782414EFFF00171A89 /* Info.plist */ = {isa = PBXFileReference; lastKnownFileType = text.plist.xml; path = Info.plist; sourceTree = "<group>"; };
/* End PBXFileReference section */

/* Begin PBXFrameworksBuildPhase section */
		34CB9C4E2414EFFD00171A89 /* Frameworks */ = {
			isa = PBXFrameworksBuildPhase;
			buildActionMask = 2147483647;
			files = (
			);
			runOnlyForDeploymentPostprocessing = 0;
		};
		34CB9C642414EFFF00171A89 /* Frameworks */ = {
			isa = PBXFrameworksBuildPhase;
			buildActionMask = 2147483647;
			files = (
			);
			runOnlyForDeploymentPostprocessing = 0;
		};
		34CB9C6F2414EFFF00171A89 /* Frameworks */ = {
			isa = PBXFrameworksBuildPhase;
			buildActionMask = 2147483647;
			files = (
			);
			runOnlyForDeploymentPostprocessing = 0;
		};
/* End PBXFrameworksBuildPhase section */

/* Begin PBXGroup section */
		34CB9C482414EFFC00171A89 = {
			isa = PBXGroup;
			children = (
				34CB9C532414EFFD00171A89 /* BullseyeUiKit */,
				34CB9C6A2414EFFF00171A89 /* BullseyeUiKitTests */,
				34CB9C752414EFFF00171A89 /* BullseyeUiKitUITests */,
				34CB9C522414EFFD00171A89 /* Products */,
			);
			sourceTree = "<group>";
		};
		34CB9C522414EFFD00171A89 /* Products */ = {
			isa = PBXGroup;
			children = (
				34CB9C512414EFFD00171A89 /* BullseyeUiKit.app */,
				34CB9C672414EFFF00171A89 /* BullseyeUiKitTests.xctest */,
				34CB9C722414EFFF00171A89 /* BullseyeUiKitUITests.xctest */,
			);
			name = Products;
			sourceTree = "<group>";
		};
		34CB9C532414EFFD00171A89 /* BullseyeUiKit */ = {
			isa = PBXGroup;
			children = (
				34CB9C542414EFFD00171A89 /* AppDelegate.swift */,
				34CB9C562414EFFD00171A89 /* SceneDelegate.swift */,
				34CB9C582414EFFD00171A89 /* ViewController.swift */,
				34CB9C5A2414EFFD00171A89 /* Main.storyboard */,
				34CB9C5D2414EFFF00171A89 /* Assets.xcassets */,
				34CB9C5F2414EFFF00171A89 /* LaunchScreen.storyboard */,
				34CB9C622414EFFF00171A89 /* Info.plist */,
			);
			path = BullseyeUiKit;
			sourceTree = "<group>";
		};
		34CB9C6A2414EFFF00171A89 /* BullseyeUiKitTests */ = {
			isa = PBXGroup;
			children = (
				34CB9C6B2414EFFF00171A89 /* BullseyeUiKitTests.swift */,
				34CB9C6D2414EFFF00171A89 /* Info.plist */,
			);
			path = BullseyeUiKitTests;
			sourceTree = "<group>";
		};
		34CB9C752414EFFF00171A89 /* BullseyeUiKitUITests */ = {
			isa = PBXGroup;
			children = (
				34CB9C762414EFFF00171A89 /* BullseyeUiKitUITests.swift */,
				34CB9C782414EFFF00171A89 /* Info.plist */,
			);
			path = BullseyeUiKitUITests;
			sourceTree = "<group>";
		};
/* End PBXGroup section */

/* Begin PBXNativeTarget section */
		34CB9C502414EFFD00171A89 /* BullseyeUiKit */ = {
			isa = PBXNativeTarget;
			buildConfigurationList = 34CB9C7B2414EFFF00171A89 /* Build configuration list for PBXNativeTarget "BullseyeUiKit" */;
			buildPhases = (
				34CB9C4D2414EFFD00171A89 /* Sources */,
				34CB9C4E2414EFFD00171A89 /* Frameworks */,
				34CB9C4F2414EFFD00171A89 /* Resources */,
			);
			buildRules = (
			);
			dependencies = (
			);
			name = BullseyeUiKit;
			productName = BullseyeUiKit;
			productReference = 34CB9C512414EFFD00171A89 /* BullseyeUiKit.app */;
			productType = "com.apple.product-type.application";
		};
		34CB9C662414EFFF00171A89 /* BullseyeUiKitTests */ = {
			isa = PBXNativeTarget;
			buildConfigurationList = 34CB9C7E2414EFFF00171A89 /* Build configuration list for PBXNativeTarget "BullseyeUiKitTests" */;
			buildPhases = (
				34CB9C632414EFFF00171A89 /* Sources */,
				34CB9C642414EFFF00171A89 /* Frameworks */,
				34CB9C652414EFFF00171A89 /* Resources */,
			);
			buildRules = (
			);
			dependencies = (
				34CB9C692414EFFF00171A89 /* PBXTargetDependency */,
			);
			name = BullseyeUiKitTests;
			productName = BullseyeUiKitTests;
			productReference = 34CB9C672414EFFF00171A89 /* BullseyeUiKitTests.xctest */;
			productType = "com.apple.product-type.bundle.unit-test";
		};
		34CB9C712414EFFF00171A89 /* BullseyeUiKitUITests */ = {
			isa = PBXNativeTarget;
			buildConfigurationList = 34CB9C812414EFFF00171A89 /* Build configuration list for PBXNativeTarget "BullseyeUiKitUITests" */;
			buildPhases = (
				34CB9C6E2414EFFF00171A89 /* Sources */,
				34CB9C6F2414EFFF00171A89 /* Frameworks */,
				34CB9C702414EFFF00171A89 /* Resources */,
			);
			buildRules = (
			);
			dependencies = (
				34CB9C742414EFFF00171A89 /* PBXTargetDependency */,
			);
			name = BullseyeUiKitUITests;
			productName = BullseyeUiKitUITests;
			productReference = 34CB9C722414EFFF00171A89 /* BullseyeUiKitUITests.xctest */;
			productType = "com.apple.product-type.bundle.ui-testing";
		};
/* End PBXNativeTarget section */

/* Begin PBXProject section */
		34CB9C492414EFFC00171A89 /* Project object */ = {
			isa = PBXProject;
			attributes = {
				LastSwiftUpdateCheck = 1130;
				LastUpgradeCheck = 1130;
				ORGANIZATIONNAME = "PHAM ANH VIET";
				TargetAttributes = {
					34CB9C502414EFFD00171A89 = {
						CreatedOnToolsVersion = 11.3.1;
					};
					34CB9C662414EFFF00171A89 = {
						CreatedOnToolsVersion = 11.3.1;
						TestTargetID = 34CB9C502414EFFD00171A89;
					};
					34CB9C712414EFFF00171A89 = {
						CreatedOnToolsVersion = 11.3.1;
						TestTargetID = 34CB9C502414EFFD00171A89;
					};
				};
			};
			buildConfigurationList = 34CB9C4C2414EFFC00171A89 /* Build configuration list for PBXProject "BullseyeUiKit" */;
			compatibilityVersion = "Xcode 9.3";
			developmentRegion = en;
			hasScannedForEncodings = 0;
			knownRegions = (
				en,
				Base,
			);
			mainGroup = 34CB9C482414EFFC00171A89;
			productRefGroup = 34CB9C522414EFFD00171A89 /* Products */;
			projectDirPath = "";
			projectRoot = "";
			targets = (
				34CB9C502414EFFD00171A89 /* BullseyeUiKit */,
				34CB9C662414EFFF00171A89 /* BullseyeUiKitTests */,
				34CB9C712414EFFF00171A89 /* BullseyeUiKitUITests */,
			);
		};
/* End PBXProject section */

/* Begin PBXResourcesBuildPhase section */
		34CB9C4F2414EFFD00171A89 /* Resources */ = {
			isa = PBXResourcesBuildPhase;
			buildActionMask = 2147483647;
			files = (
				34CB9C612414EFFF00171A89 /* LaunchScreen.storyboard in Resources */,
				34CB9C5E2414EFFF00171A89 /* Assets.xcassets in Resources */,
				34CB9C5C2414EFFD00171A89 /* Main.storyboard in Resources */,
			);
			runOnlyForDeploymentPostprocessing = 0;
		};
		34CB9C652414EFFF00171A89 /* Resources */ = {
			isa = PBXResourcesBuildPhase;
			buildActionMask = 2147483647;
			files = (
			);
			runOnlyForDeploymentPostprocessing = 0;
		};
		34CB9C702414EFFF00171A89 /* Resources */ = {
			isa = PBXResourcesBuildPhase;
			buildActionMask = 2147483647;
			files = (
			);
			runOnlyForDeploymentPostprocessing = 0;
		};
/* End PBXResourcesBuildPhase section */

/* Begin PBXSourcesBuildPhase section */
		34CB9C4D2414EFFD00171A89 /* Sources */ = {
			isa = PBXSourcesBuildPhase;
			buildActionMask = 2147483647;
			files = (
				34CB9C592414EFFD00171A89 /* ViewController.swift in Sources */,
				34CB9C552414EFFD00171A89 /* AppDelegate.swift in Sources */,
				34CB9C572414EFFD00171A89 /* SceneDelegate.swift in Sources */,
			);
			runOnlyForDeploymentPostprocessing = 0;
		};
		34CB9C632414EFFF00171A89 /* Sources */ = {
			isa = PBXSourcesBuildPhase;
			buildActionMask = 2147483647;
			files = (
				34CB9C6C2414EFFF00171A89 /* BullseyeUiKitTests.swift in Sources */,
			);
			runOnlyForDeploymentPostprocessing = 0;
		};
		34CB9C6E2414EFFF00171A89 /* Sources */ = {
			isa = PBXSourcesBuildPhase;
			buildActionMask = 2147483647;
			files = (
				34CB9C772414EFFF00171A89 /* BullseyeUiKitUITests.swift in Sources */,
			);
			runOnlyForDeploymentPostprocessing = 0;
		};
/* End PBXSourcesBuildPhase section */

/* Begin PBXTargetDependency section */
		34CB9C692414EFFF00171A89 /* PBXTargetDependency */ = {
			isa = PBXTargetDependency;
			target = 34CB9C502414EFFD00171A89 /* BullseyeUiKit */;
			targetProxy = 34CB9C682414EFFF00171A89 /* PBXContainerItemProxy */;
		};
		34CB9C742414EFFF00171A89 /* PBXTargetDependency */ = {
			isa = PBXTargetDependency;
			target = 34CB9C502414EFFD00171A89 /* BullseyeUiKit */;
			targetProxy = 34CB9C732414EFFF00171A89 /* PBXContainerItemProxy */;
		};
/* End PBXTargetDependency section */

/* Begin PBXVariantGroup section */
		34CB9C5A2414EFFD00171A89 /* Main.storyboard */ = {
			isa = PBXVariantGroup;
			children = (
				34CB9C5B2414EFFD00171A89 /* Base */,
			);
			name = Main.storyboard;
			sourceTree = "<group>";
		};
		34CB9C5F2414EFFF00171A89 /* LaunchScreen.storyboard */ = {
			isa = PBXVariantGroup;
			children = (
				34CB9C602414EFFF00171A89 /* Base */,
			);
			name = LaunchScreen.storyboard;
			sourceTree = "<group>";
		};
/* End PBXVariantGroup section */

/* Begin XCBuildConfiguration section */
		34CB9C792414EFFF00171A89 /* Debug */ = {
			isa = XCBuildConfiguration;
			buildSettings = {
				ALWAYS_SEARCH_USER_PATHS = NO;
				CLANG_ANALYZER_NONNULL = YES;
				CLANG_ANALYZER_NUMBER_OBJECT_CONVERSION = YES_AGGRESSIVE;
				CLANG_CXX_LANGUAGE_STANDARD = "gnu++14";
				CLANG_CXX_LIBRARY = "libc++";
				CLANG_ENABLE_MODULES = YES;
				CLANG_ENABLE_OBJC_ARC = YES;
				CLANG_ENABLE_OBJC_WEAK = YES;
				CLANG_WARN_BLOCK_CAPTURE_AUTORELEASING = YES;
				CLANG_WARN_BOOL_CONVERSION = YES;
				CLANG_WARN_COMMA = YES;
				CLANG_WARN_CONSTANT_CONVERSION = YES;
				CLANG_WARN_DEPRECATED_OBJC_IMPLEMENTATIONS = YES;
				CLANG_WARN_DIRECT_OBJC_ISA_USAGE = YES_ERROR;
				CLANG_WARN_DOCUMENTATION_COMMENTS = YES;
				CLANG_WARN_EMPTY_BODY = YES;
				CLANG_WARN_ENUM_CONVERSION = YES;
				CLANG_WARN_INFINITE_RECURSION = YES;
				CLANG_WARN_INT_CONVERSION = YES;
				CLANG_WARN_NON_LITERAL_NULL_CONVERSION = YES;
				CLANG_WARN_OBJC_IMPLICIT_RETAIN_SELF = YES;
				CLANG_WARN_OBJC_LITERAL_CONVERSION = YES;
				CLANG_WARN_OBJC_ROOT_CLASS = YES_ERROR;
				CLANG_WARN_RANGE_LOOP_ANALYSIS = YES;
				CLANG_WARN_STRICT_PROTOTYPES = YES;
				CLANG_WARN_SUSPICIOUS_MOVE = YES;
				CLANG_WARN_UNGUARDED_AVAILABILITY = YES_AGGRESSIVE;
				CLANG_WARN_UNREACHABLE_CODE = YES;
				CLANG_WARN__DUPLICATE_METHOD_MATCH = YES;
				COPY_PHASE_STRIP = NO;
				DEBUG_INFORMATION_FORMAT = dwarf;
				ENABLE_STRICT_OBJC_MSGSEND = YES;
				ENABLE_TESTABILITY = YES;
				GCC_C_LANGUAGE_STANDARD = gnu11;
				GCC_DYNAMIC_NO_PIC = NO;
				GCC_NO_COMMON_BLOCKS = YES;
				GCC_OPTIMIZATION_LEVEL = 0;
				GCC_PREPROCESSOR_DEFINITIONS = (
					"DEBUG=1",
					"$(inherited)",
				);
				GCC_WARN_64_TO_32_BIT_CONVERSION = YES;
				GCC_WARN_ABOUT_RETURN_TYPE = YES_ERROR;
				GCC_WARN_UNDECLARED_SELECTOR = YES;
				GCC_WARN_UNINITIALIZED_AUTOS = YES_AGGRESSIVE;
				GCC_WARN_UNUSED_FUNCTION = YES;
				GCC_WARN_UNUSED_VARIABLE = YES;
				IPHONEOS_DEPLOYMENT_TARGET = 13.2;
				MTL_ENABLE_DEBUG_INFO = INCLUDE_SOURCE;
				MTL_FAST_MATH = YES;
				ONLY_ACTIVE_ARCH = YES;
				SDKROOT = iphoneos;
				SWIFT_ACTIVE_COMPILATION_CONDITIONS = DEBUG;
				SWIFT_OPTIMIZATION_LEVEL = "-Onone";
			};
			name = Debug;
		};
		34CB9C7A2414EFFF00171A89 /* Release */ = {
			isa = XCBuildConfiguration;
			buildSettings = {
				ALWAYS_SEARCH_USER_PATHS = NO;
				CLANG_ANALYZER_NONNULL = YES;
				CLANG_ANALYZER_NUMBER_OBJECT_CONVERSION = YES_AGGRESSIVE;
				CLANG_CXX_LANGUAGE_STANDARD = "gnu++14";
				CLANG_CXX_LIBRARY = "libc++";
				CLANG_ENABLE_MODULES = YES;
				CLANG_ENABLE_OBJC_ARC = YES;
				CLANG_ENABLE_OBJC_WEAK = YES;
				CLANG_WARN_BLOCK_CAPTURE_AUTORELEASING = YES;
				CLANG_WARN_BOOL_CONVERSION = YES;
				CLANG_WARN_COMMA = YES;
				CLANG_WARN_CONSTANT_CONVERSION = YES;
				CLANG_WARN_DEPRECATED_OBJC_IMPLEMENTATIONS = YES;
				CLANG_WARN_DIRECT_OBJC_ISA_USAGE = YES_ERROR;
				CLANG_WARN_DOCUMENTATION_COMMENTS = YES;
				CLANG_WARN_EMPTY_BODY = YES;
				CLANG_WARN_ENUM_CONVERSION = YES;
				CLANG_WARN_INFINITE_RECURSION = YES;
				CLANG_WARN_INT_CONVERSION = YES;
				CLANG_WARN_NON_LITERAL_NULL_CONVERSION = YES;
				CLANG_WARN_OBJC_IMPLICIT_RETAIN_SELF = YES;
				CLANG_WARN_OBJC_LITERAL_CONVERSION = YES;
				CLANG_WARN_OBJC_ROOT_CLASS = YES_ERROR;
				CLANG_WARN_RANGE_LOOP_ANALYSIS = YES;
				CLANG_WARN_STRICT_PROTOTYPES = YES;
				CLANG_WARN_SUSPICIOUS_MOVE = YES;
				CLANG_WARN_UNGUARDED_AVAILABILITY = YES_AGGRESSIVE;
				CLANG_WARN_UNREACHABLE_CODE = YES;
				CLANG_WARN__DUPLICATE_METHOD_MATCH = YES;
				COPY_PHASE_STRIP = NO;
				DEBUG_INFORMATION_FORMAT = "dwarf-with-dsym";
				ENABLE_NS_ASSERTIONS = NO;
				ENABLE_STRICT_OBJC_MSGSEND = YES;
				GCC_C_LANGUAGE_STANDARD = gnu11;
				GCC_NO_COMMON_BLOCKS = YES;
				GCC_WARN_64_TO_32_BIT_CONVERSION = YES;
				GCC_WARN_ABOUT_RETURN_TYPE = YES_ERROR;
				GCC_WARN_UNDECLARED_SELECTOR = YES;
				GCC_WARN_UNINITIALIZED_AUTOS = YES_AGGRESSIVE;
				GCC_WARN_UNUSED_FUNCTION = YES;
				GCC_WARN_UNUSED_VARIABLE = YES;
				IPHONEOS_DEPLOYMENT_TARGET = 13.2;
				MTL_ENABLE_DEBUG_INFO = NO;
				MTL_FAST_MATH = YES;
				SDKROOT = iphoneos;
				SWIFT_COMPILATION_MODE = wholemodule;
				SWIFT_OPTIMIZATION_LEVEL = "-O";
				VALIDATE_PRODUCT = YES;
			};
			name = Release;
		};
		34CB9C7C2414EFFF00171A89 /* Debug */ = {
			isa = XCBuildConfiguration;
			buildSettings = {
				ASSETCATALOG_COMPILER_APPICON_NAME = AppIcon;
				CODE_SIGN_STYLE = Automatic;
				INFOPLIST_FILE = BullseyeUiKit/Info.plist;
				LD_RUNPATH_SEARCH_PATHS = (
					"$(inherited)",
					"@executable_path/Frameworks",
				);
				PRODUCT_BUNDLE_IDENTIFIER = com.avp.BullseyeUiKit;
				PRODUCT_NAME = "$(TARGET_NAME)";
				SWIFT_VERSION = 5.0;
				TARGETED_DEVICE_FAMILY = "1,2";
			};
			name = Debug;
		};
		34CB9C7D2414EFFF00171A89 /* Release */ = {
			isa = XCBuildConfiguration;
			buildSettings = {
				ASSETCATALOG_COMPILER_APPICON_NAME = AppIcon;
				CODE_SIGN_STYLE = Automatic;
				INFOPLIST_FILE = BullseyeUiKit/Info.plist;
				LD_RUNPATH_SEARCH_PATHS = (
					"$(inherited)",
					"@executable_path/Frameworks",
				);
				PRODUCT_BUNDLE_IDENTIFIER = com.avp.BullseyeUiKit;
				PRODUCT_NAME = "$(TARGET_NAME)";
				SWIFT_VERSION = 5.0;
				TARGETED_DEVICE_FAMILY = "1,2";
			};
			name = Release;
		};
		34CB9C7F2414EFFF00171A89 /* Debug */ = {
			isa = XCBuildConfiguration;
			buildSettings = {
				ALWAYS_EMBED_SWIFT_STANDARD_LIBRARIES = YES;
				BUNDLE_LOADER = "$(TEST_HOST)";
				CODE_SIGN_STYLE = Automatic;
				INFOPLIST_FILE = BullseyeUiKitTests/Info.plist;
				IPHONEOS_DEPLOYMENT_TARGET = 13.2;
				LD_RUNPATH_SEARCH_PATHS = (
					"$(inherited)",
					"@executable_path/Frameworks",
					"@loader_path/Frameworks",
				);
				PRODUCT_BUNDLE_IDENTIFIER = com.avp.BullseyeUiKitTests;
				PRODUCT_NAME = "$(TARGET_NAME)";
				SWIFT_VERSION = 5.0;
				TARGETED_DEVICE_FAMILY = "1,2";
				TEST_HOST = "$(BUILT_PRODUCTS_DIR)/BullseyeUiKit.app/BullseyeUiKit";
			};
			name = Debug;
		};
		34CB9C802414EFFF00171A89 /* Release */ = {
			isa = XCBuildConfiguration;
			buildSettings = {
				ALWAYS_EMBED_SWIFT_STANDARD_LIBRARIES = YES;
				BUNDLE_LOADER = "$(TEST_HOST)";
				CODE_SIGN_STYLE = Automatic;
				INFOPLIST_FILE = BullseyeUiKitTests/Info.plist;
				IPHONEOS_DEPLOYMENT_TARGET = 13.2;
				LD_RUNPATH_SEARCH_PATHS = (
					"$(inherited)",
					"@executable_path/Frameworks",
					"@loader_path/Frameworks",
				);
				PRODUCT_BUNDLE_IDENTIFIER = com.avp.BullseyeUiKitTests;
				PRODUCT_NAME = "$(TARGET_NAME)";
				SWIFT_VERSION = 5.0;
				TARGETED_DEVICE_FAMILY = "1,2";
				TEST_HOST = "$(BUILT_PRODUCTS_DIR)/BullseyeUiKit.app/BullseyeUiKit";
			};
			name = Release;
		};
		34CB9C822414EFFF00171A89 /* Debug */ = {
			isa = XCBuildConfiguration;
			buildSettings = {
				ALWAYS_EMBED_SWIFT_STANDARD_LIBRARIES = YES;
				CODE_SIGN_STYLE = Automatic;
				INFOPLIST_FILE = BullseyeUiKitUITests/Info.plist;
				LD_RUNPATH_SEARCH_PATHS = (
					"$(inherited)",
					"@executable_path/Frameworks",
					"@loader_path/Frameworks",
				);
				PRODUCT_BUNDLE_IDENTIFIER = com.avp.BullseyeUiKitUITests;
				PRODUCT_NAME = "$(TARGET_NAME)";
				SWIFT_VERSION = 5.0;
				TARGETED_DEVICE_FAMILY = "1,2";
				TEST_TARGET_NAME = BullseyeUiKit;
			};
			name = Debug;
		};
		34CB9C832414EFFF00171A89 /* Release */ = {
			isa = XCBuildConfiguration;
			buildSettings = {
				ALWAYS_EMBED_SWIFT_STANDARD_LIBRARIES = YES;
				CODE_SIGN_STYLE = Automatic;
				INFOPLIST_FILE = BullseyeUiKitUITests/Info.plist;
				LD_RUNPATH_SEARCH_PATHS = (
					"$(inherited)",
					"@executable_path/Frameworks",
					"@loader_path/Frameworks",
				);
				PRODUCT_BUNDLE_IDENTIFIER = com.avp.BullseyeUiKitUITests;
				PRODUCT_NAME = "$(TARGET_NAME)";
				SWIFT_VERSION = 5.0;
				TARGETED_DEVICE_FAMILY = "1,2";
				TEST_TARGET_NAME = BullseyeUiKit;
			};
			name = Release;
		};
/* End XCBuildConfiguration section */

/* Begin XCConfigurationList section */
		34CB9C4C2414EFFC00171A89 /* Build configuration list for PBXProject "BullseyeUiKit" */ = {
			isa = XCConfigurationList;
			buildConfigurations = (
				34CB9C792414EFFF00171A89 /* Debug */,
				34CB9C7A2414EFFF00171A89 /* Release */,
			);
			defaultConfigurationIsVisible = 0;
			defaultConfigurationName = Release;
		};
		34CB9C7B2414EFFF00171A89 /* Build configuration list for PBXNativeTarget "BullseyeUiKit" */ = {
			isa = XCConfigurationList;
			buildConfigurations = (
				34CB9C7C2414EFFF00171A89 /* Debug */,
				34CB9C7D2414EFFF00171A89 /* Release */,
			);
			defaultConfigurationIsVisible = 0;
			defaultConfigurationName = Release;
		};
		34CB9C7E2414EFFF00171A89 /* Build configuration list for PBXNativeTarget "BullseyeUiKitTests" */ = {
			isa = XCConfigurationList;
			buildConfigurations = (
				34CB9C7F2414EFFF00171A89 /* Debug */,
				34CB9C802414EFFF00171A89 /* Release */,
			);
			defaultConfigurationIsVisible = 0;
			defaultConfigurationName = Release;
		};
		34CB9C812414EFFF00171A89 /* Build configuration list for PBXNativeTarget "BullseyeUiKitUITests" */ = {
			isa = XCConfigurationList;
			buildConfigurations = (
				34CB9C822414EFFF00171A89 /* Debug */,
				34CB9C832414EFFF00171A89 /* Release */,
			);
			defaultConfigurationIsVisible = 0;
			defaultConfigurationName = Release;
		};
/* End XCConfigurationList section */
	};
	rootObject = 34CB9C492414EFFC00171A89 /* Project object */;
}
